
Microsoft Visual Studio Solution File, Format Version 12.00
# Visual Studio Version 17
VisualStudioVersion = 17.13.35825.156 d17.13
MinimumVisualStudioVersion = 10.0.40219.1
Project("{FAE04EC0-301F-11D3-BF4B-00C04F79EFBC}") = "testarray", "testarray\testarray.csproj", "{245EF51B-B06A-4BBD-B9A8-814318B63A72}"
EndProject
Global
	GlobalSection(SolutionConfigurationPlatforms) = preSolution
		Debug|Any CPU = Debug|Any CPU
		Release|Any CPU = Release|Any CPU
	EndGlobalSection
	GlobalSection(ProjectConfigurationPlatforms) = postSolution
		{245EF51B-B06A-4BBD-B9A8-814318B63A72}.Debug|Any CPU.ActiveCfg = Debug|Any CPU
		{245EF51B-B06A-4BBD-B9A8-814318B63A72}.Debug|Any CPU.Build.0 = Debug|Any CPU
		{245EF51B-B06A-4BBD-B9A8-814318B63A72}.Release|Any CPU.ActiveCfg = Release|Any CPU
		{245EF51B-B06A-4BBD-B9A8-814318B63A72}.Release|Any CPU.Build.0 = Release|Any CPU
	EndGlobalSection
	GlobalSection(SolutionProperties) = preSolution
		HideSolutionNode = FALSE
	EndGlobalSection
	GlobalSection(ExtensibilityGlobals) = postSolution
		SolutionGuid = {059F7D8A-D641-4431-B839-928B7C98C2FF}
	EndGlobalSection
EndGlobal
